{
  "nodes": {
    "cloudflared": {
      "inputs": {
        "nixpkgs": "nixpkgs"
      },
      "locked": {
        "lastModified": 1661827643,
        "narHash": "sha256-PC1EB+EIFjhZy48/m6CwijoM053+j4geycPj1vKIAT0=",
        "owner": "piperswe",
        "repo": "nix-cloudflared",
        "rev": "246c9ed781345d15da4d71eac9710665d47aa9f5",
        "type": "github"
      },
      "original": {
        "owner": "piperswe",
        "repo": "nix-cloudflared",
        "type": "github"
      }
    },
    "computers-computers": {
      "inputs": {
        "flake-utils": [
          "flake-utils"
        ],
        "nixpkgs": [
          "nixpkgs"
        ]
      },
      "locked": {
        "lastModified": 1667234897,
        "narHash": "sha256-wg6JBRnNx9OehhgWBaiSKVwqIAPuOBHEdejEf87GafE=",
        "owner": "piperswe",
        "repo": "computers-computers",
        "rev": "98cba2aefb53226ed77ab92b56bfef270bd8fd20",
        "type": "github"
      },
      "original": {
        "owner": "piperswe",
        "repo": "computers-computers",
        "type": "github"
      }
    },
    "deploy-rs": {
      "inputs": {
        "flake-compat": "flake-compat",
        "nixpkgs": [
          "nixpkgs"
        ],
        "utils": [
          "flake-utils"
        ]
      },
      "locked": {
        "lastModified": 1668453806,
        "narHash": "sha256-rDyF0essyFdCIo336gI6nPjWhjoczGn701D1JID5wl8=",
        "owner": "serokell",
        "repo": "deploy-rs",
        "rev": "be40823735bbdc40c1f6b7725c8b74d5a85d8023",
        "type": "github"
      },
      "original": {
        "owner": "serokell",
        "repo": "deploy-rs",
        "type": "github"
      }
    },
    "flake-compat": {
      "flake": false,
      "locked": {
        "lastModified": 1648199409,
        "narHash": "sha256-JwPKdC2PoVBkG6E+eWw3j6BMR6sL3COpYWfif7RVb8Y=",
        "owner": "edolstra",
        "repo": "flake-compat",
        "rev": "64a525ee38886ab9028e6f61790de0832aa3ef03",
        "type": "github"
      },
      "original": {
        "owner": "edolstra",
        "repo": "flake-compat",
        "type": "github"
      }
    },
    "flake-utils": {
      "locked": {
        "lastModified": 1667395993,
        "narHash": "sha256-nuEHfE/LcWyuSWnS8t12N1wc105Qtau+/OdUAjtQ0rA=",
        "owner": "numtide",
        "repo": "flake-utils",
        "rev": "5aed5285a952e0b949eb3ba02c12fa4fcfef535f",
        "type": "github"
      },
      "original": {
        "owner": "numtide",
        "repo": "flake-utils",
        "type": "github"
      }
    },
    "home-manager": {
      "inputs": {
        "nixpkgs": [
          "nixpkgs"
        ],
        "utils": [
          "flake-utils"
        ]
      },
      "locked": {
        "lastModified": 1668332334,
        "narHash": "sha256-YT1qcE/MCqBO1Bi/Yr6GcFpNKsvmzrBKh8juyXDbxQc=",
        "owner": "nix-community",
        "repo": "home-manager",
        "rev": "bc90de24d898655542589237cc0a6ada7564cb6c",
        "type": "github"
      },
      "original": {
        "owner": "nix-community",
        "repo": "home-manager",
        "type": "github"
      }
    },
    "nixpkgs": {
      "locked": {
        "lastModified": 1661353537,
        "narHash": "sha256-1E2IGPajOsrkR49mM5h55OtYnU0dGyre6gl60NXKITE=",
        "owner": "NixOS",
        "repo": "nixpkgs",
        "rev": "0e304ff0d9db453a4b230e9386418fd974d5804a",
        "type": "github"
      },
      "original": {
        "id": "nixpkgs",
        "type": "indirect"
      }
    },
    "nixpkgs-master": {
      "locked": {
        "lastModified": 1668711950,
        "narHash": "sha256-BVucsPmZLQI5N7iCc42wXtYlAJEYjOSRIh81xruZJr0=",
        "owner": "nixos",
        "repo": "nixpkgs",
        "rev": "af447367ec02414cf16ef95054545a7854b34f00",
        "type": "github"
      },
      "original": {
        "owner": "nixos",
        "ref": "master",
        "repo": "nixpkgs",
        "type": "github"
      }
    },
    "nixpkgs_2": {
      "locked": {
        "lastModified": 1668596599,
        "narHash": "sha256-rhHyZTGI31/OfgYa9xF49UTchDXTI94pEsSNa0fOkpk=",
        "owner": "nixos",
        "repo": "nixpkgs",
        "rev": "b457130e8a21608675ddf12c7d85227b22a27112",
        "type": "github"
      },
      "original": {
        "owner": "nixos",
        "ref": "nixos-unstable",
        "repo": "nixpkgs",
        "type": "github"
      }
    },
    "piperswe-pubkeys": {
      "inputs": {
        "flake-utils": [
          "flake-utils"
        ],
        "nixpkgs": [
          "nixpkgs"
        ]
      },
      "locked": {
        "lastModified": 1661827896,
        "narHash": "sha256-TGXjZYdiUcge6/B0v9KNWo0lQdRIjeEfN4Oflxe9l0w=",
        "owner": "piperswe",
        "repo": "pubkeys",
        "rev": "8a49a99b92329ef5c57163a3fef28097e5eedaa7",
        "type": "github"
      },
      "original": {
        "owner": "piperswe",
        "repo": "pubkeys",
        "type": "github"
      }
    },
    "root": {
      "inputs": {
        "cloudflared": "cloudflared",
        "computers-computers": "computers-computers",
        "deploy-rs": "deploy-rs",
        "flake-utils": "flake-utils",
        "home-manager": "home-manager",
        "nixpkgs": "nixpkgs_2",
        "nixpkgs-master": "nixpkgs-master",
        "piperswe-pubkeys": "piperswe-pubkeys"
      }
    }
  },
  "root": "root",
  "version": 7
}
