{
  "nodes": {
    "cloudflared": {
      "inputs": {
        "nixpkgs": "nixpkgs"
      },
      "locked": {
        "lastModified": 1661827643,
        "narHash": "sha256-PC1EB+EIFjhZy48/m6CwijoM053+j4geycPj1vKIAT0=",
        "owner": "piperswe",
        "repo": "nix-cloudflared",
        "rev": "246c9ed781345d15da4d71eac9710665d47aa9f5",
        "type": "github"
      },
      "original": {
        "owner": "piperswe",
        "repo": "nix-cloudflared",
        "type": "github"
      }
    },
    "computers-computers": {
      "inputs": {
        "flake-utils": [
          "flake-utils"
        ],
        "nixpkgs": [
          "nixpkgs"
        ]
      },
      "locked": {
        "lastModified": 1667234897,
        "narHash": "sha256-wg6JBRnNx9OehhgWBaiSKVwqIAPuOBHEdejEf87GafE=",
        "owner": "piperswe",
        "repo": "computers-computers",
        "rev": "98cba2aefb53226ed77ab92b56bfef270bd8fd20",
        "type": "github"
      },
      "original": {
        "owner": "piperswe",
        "repo": "computers-computers",
        "type": "github"
      }
    },
    "deploy-rs": {
      "inputs": {
        "flake-compat": "flake-compat",
        "nixpkgs": [
          "nixpkgs"
        ],
        "utils": [
          "flake-utils"
        ]
      },
      "locked": {
        "lastModified": 1668797197,
        "narHash": "sha256-0w6iD3GSSQbIeSFVDzAAQZB+hDq670ZTms3d9XI+BtM=",
        "owner": "serokell",
        "repo": "deploy-rs",
        "rev": "2a3c5f70eee04a465aa534d8bd4fcc9bb3c4a8ce",
        "type": "github"
      },
      "original": {
        "owner": "serokell",
        "repo": "deploy-rs",
        "type": "github"
      }
    },
    "flake-compat": {
      "flake": false,
      "locked": {
        "lastModified": 1648199409,
        "narHash": "sha256-JwPKdC2PoVBkG6E+eWw3j6BMR6sL3COpYWfif7RVb8Y=",
        "owner": "edolstra",
        "repo": "flake-compat",
        "rev": "64a525ee38886ab9028e6f61790de0832aa3ef03",
        "type": "github"
      },
      "original": {
        "owner": "edolstra",
        "repo": "flake-compat",
        "type": "github"
      }
    },
    "flake-utils": {
      "locked": {
        "lastModified": 1667395993,
        "narHash": "sha256-nuEHfE/LcWyuSWnS8t12N1wc105Qtau+/OdUAjtQ0rA=",
        "owner": "numtide",
        "repo": "flake-utils",
        "rev": "5aed5285a952e0b949eb3ba02c12fa4fcfef535f",
        "type": "github"
      },
      "original": {
        "owner": "numtide",
        "repo": "flake-utils",
        "type": "github"
      }
    },
    "flake-utils_2": {
      "locked": {
        "lastModified": 1667395993,
        "narHash": "sha256-nuEHfE/LcWyuSWnS8t12N1wc105Qtau+/OdUAjtQ0rA=",
        "owner": "numtide",
        "repo": "flake-utils",
        "rev": "5aed5285a952e0b949eb3ba02c12fa4fcfef535f",
        "type": "github"
      },
      "original": {
        "id": "flake-utils",
        "type": "indirect"
      }
    },
    "glitch-soc": {
      "inputs": {
        "flake-utils": "flake-utils_2",
        "nixpkgs": "nixpkgs_2"
      },
      "locked": {
        "narHash": "sha256-Y7sm+BDjuy4S9t/B0l5ZZdBJa+Btsw0N3fp0avG2s6I=",
        "type": "tarball",
        "url": "https://github.com/piperswe/glitch-soc/archive/refs/heads/add-nix.zip"
      },
      "original": {
        "type": "tarball",
        "url": "https://github.com/piperswe/glitch-soc/archive/refs/heads/add-nix.zip"
      }
    },
    "home-manager": {
      "inputs": {
        "nixpkgs": [
          "nixpkgs"
        ],
        "utils": [
          "flake-utils"
        ]
      },
      "locked": {
        "lastModified": 1670513770,
        "narHash": "sha256-muL74fsbGA8K8WlZSPNWddOiuBnC54kAajncX6nXrh4=",
        "owner": "nix-community",
        "repo": "home-manager",
        "rev": "054d9e3187ca00479e8036dc0e92900a384f30fd",
        "type": "github"
      },
      "original": {
        "owner": "nix-community",
        "repo": "home-manager",
        "type": "github"
      }
    },
    "nixpkgs": {
      "locked": {
        "lastModified": 1661353537,
        "narHash": "sha256-1E2IGPajOsrkR49mM5h55OtYnU0dGyre6gl60NXKITE=",
        "owner": "NixOS",
        "repo": "nixpkgs",
        "rev": "0e304ff0d9db453a4b230e9386418fd974d5804a",
        "type": "github"
      },
      "original": {
        "id": "nixpkgs",
        "type": "indirect"
      }
    },
    "nixpkgs-master": {
      "locked": {
        "lastModified": 1670916481,
        "narHash": "sha256-S62loXZy8O/0WRrDdyJ8tNiz5DTnezKY2L6xXhqc6+M=",
        "owner": "nixos",
        "repo": "nixpkgs",
        "rev": "058d817fd4d6956ff23cdb3129a3b29799142937",
        "type": "github"
      },
      "original": {
        "owner": "nixos",
        "ref": "master",
        "repo": "nixpkgs",
        "type": "github"
      }
    },
    "nixpkgs_2": {
      "locked": {
        "lastModified": 1669597967,
        "narHash": "sha256-R+2NaDkXsYkOpFOhmVR8jBZ77Pq55Z6ilaqwFLLn000=",
        "owner": "NixOS",
        "repo": "nixpkgs",
        "rev": "be9e3762e719211368d186f547f847737baad720",
        "type": "github"
      },
      "original": {
        "id": "nixpkgs",
        "type": "indirect"
      }
    },
    "nixpkgs_3": {
      "locked": {
        "lastModified": 1670841420,
        "narHash": "sha256-mSEia1FzrsHbfqjorMyYiX8NXdDVeR1Pw1k55jMJlJY=",
        "owner": "nixos",
        "repo": "nixpkgs",
        "rev": "33e0d99cbedf2acfd7340d2150837fbb28039a64",
        "type": "github"
      },
      "original": {
        "owner": "nixos",
        "ref": "nixos-unstable",
        "repo": "nixpkgs",
        "type": "github"
      }
    },
    "nixpkgs_4": {
      "locked": {
        "lastModified": 1655361562,
        "narHash": "sha256-chPaIIhmdL6jdZWpf/K6yQCsuBNOYuMqbJsNpLfrdTE=",
        "owner": "NixOS",
        "repo": "nixpkgs",
        "rev": "0b59d075675dc28bf9ebab466033280096c8d4fe",
        "type": "github"
      },
      "original": {
        "id": "nixpkgs",
        "type": "indirect"
      }
    },
    "piperswe-pubkeys": {
      "inputs": {
        "flake-utils": [
          "flake-utils"
        ],
        "nixpkgs": [
          "nixpkgs"
        ]
      },
      "locked": {
        "lastModified": 1669457290,
        "narHash": "sha256-ttBb9pnVwA9tNxJB/ZP3aT5XEMaoWr5ETdlyjJOniYg=",
        "owner": "piperswe",
        "repo": "pubkeys",
        "rev": "9207c2b5267a7736b5268158c09f511fac6bf0a2",
        "type": "github"
      },
      "original": {
        "owner": "piperswe",
        "repo": "pubkeys",
        "type": "github"
      }
    },
    "root": {
      "inputs": {
        "cloudflared": "cloudflared",
        "computers-computers": "computers-computers",
        "deploy-rs": "deploy-rs",
        "flake-utils": "flake-utils",
        "glitch-soc": "glitch-soc",
        "home-manager": "home-manager",
        "nixpkgs": "nixpkgs_3",
        "nixpkgs-master": "nixpkgs-master",
        "piperswe-pubkeys": "piperswe-pubkeys",
        "vscode-server": "vscode-server"
      }
    },
    "vscode-server": {
      "inputs": {
        "nixpkgs": "nixpkgs_4"
      },
      "locked": {
        "lastModified": 1662442857,
        "narHash": "sha256-e2ex4mO4q6UBoJvPSRdYBX1vIvpulqs6SNxvdSsL6uE=",
        "owner": "msteen",
        "repo": "nixos-vscode-server",
        "rev": "c54b714db58ad05d064f394d6603751ee6bd04f6",
        "type": "github"
      },
      "original": {
        "owner": "msteen",
        "repo": "nixos-vscode-server",
        "type": "github"
      }
    }
  },
  "root": "root",
  "version": 7
}
